
Microsoft Visual Studio Solution File, Format Version 12.00
# Visual Studio Version 16
VisualStudioVersion = 16.0.29926.136
MinimumVisualStudioVersion = 10.0.40219.1
Project("{FAE04EC0-301F-11D3-BF4B-00C04F79EFBC}") = "BlazorTask", "BlazorTask\BlazorTask.csproj", "{616E7AAD-3DAB-4EA7-BDB7-48C1E48E6E62}"
EndProject
Global
	GlobalSection(SolutionConfigurationPlatforms) = preSolution
		Debug|Any CPU = Debug|Any CPU
		Release|Any CPU = Release|Any CPU
	EndGlobalSection
	GlobalSection(ProjectConfigurationPlatforms) = postSolution
		{616E7AAD-3DAB-4EA7-BDB7-48C1E48E6E62}.Debug|Any CPU.ActiveCfg = Debug|Any CPU
		{616E7AAD-3DAB-4EA7-BDB7-48C1E48E6E62}.Debug|Any CPU.Build.0 = Debug|Any CPU
		{616E7AAD-3DAB-4EA7-BDB7-48C1E48E6E62}.Release|Any CPU.ActiveCfg = Release|Any CPU
		{616E7AAD-3DAB-4EA7-BDB7-48C1E48E6E62}.Release|Any CPU.Build.0 = Release|Any CPU
	EndGlobalSection
	GlobalSection(SolutionProperties) = preSolution
		HideSolutionNode = FALSE
	EndGlobalSection
	GlobalSection(ExtensibilityGlobals) = postSolution
		SolutionGuid = {C9584AFE-CCF4-48CA-8936-DD6C90F5D05F}
	EndGlobalSection
EndGlobal
